<?xml version="1.0" encoding="utf-8"?>
<Project ToolsVersion="4.0" xmlns="http://schemas.microsoft.com/developer/msbuild/2003">
  <ItemGroup>
    <Filter Include="engine">
      <UniqueIdentifier>{FBDB78FB-E77D-A3D1-D038-B725BC792A22}</UniqueIdentifier>
    </Filter>
    <Filter Include="engine\events">
      <UniqueIdentifier>{9FF33A70-0BB4-B6A6-D4EE-FF23406EFB82}</UniqueIdentifier>
    </Filter>
    <Filter Include="engine\imgui">
      <UniqueIdentifier>{A5B916B6-911C-A65A-3AA2-DE1026E471DD}</UniqueIdentifier>
    </Filter>
    <Filter Include="engine\layer">
      <UniqueIdentifier>{27B946B6-131C-D65A-BCA1-0E11A8E3A1DD}</UniqueIdentifier>
    </Filter>
    <Filter Include="platform">
      <UniqueIdentifier>{4A63C33C-3630-1E48-5F49-0CF04B7553D6}</UniqueIdentifier>
    </Filter>
    <Filter Include="platform\opengl">
      <UniqueIdentifier>{9E4DBFD0-0AD9-2C95-13EA-AF897FF48895}</UniqueIdentifier>
    </Filter>
    <Filter Include="platform\windows">
      <UniqueIdentifier>{A44FC440-9048-E392-B97A-C817A5D2C29E}</UniqueIdentifier>
    </Filter>
  </ItemGroup>
  <ItemGroup>
    <ClInclude Include="HALENGINE\src\HALENG.H" />
    <ClInclude Include="HALENGINE\src\engine\Application.h">
      <Filter>engine</Filter>
    </ClInclude>
    <ClInclude Include="HALENGINE\src\engine\Core.h">
      <Filter>engine</Filter>
    </ClInclude>
    <ClInclude Include="HALENGINE\src\engine\EntryPoint.h">
      <Filter>engine</Filter>
    </ClInclude>
    <ClInclude Include="HALENGINE\src\engine\Input.h">
      <Filter>engine</Filter>
    </ClInclude>
    <ClInclude Include="HALENGINE\src\engine\Keycodes.h">
      <Filter>engine</Filter>
    </ClInclude>
    <ClInclude Include="HALENGINE\src\engine\Log.h">
      <Filter>engine</Filter>
    </ClInclude>
    <ClInclude Include="HALENGINE\src\engine\MouseButtonCodes.h">
      <Filter>engine</Filter>
    </ClInclude>
    <ClInclude Include="HALENGINE\src\engine\Window.h">
      <Filter>engine</Filter>
    </ClInclude>
    <ClInclude Include="HALENGINE\src\engine\events\ApplicationEvent.h">
      <Filter>engine\events</Filter>
    </ClInclude>
    <ClInclude Include="HALENGINE\src\engine\events\Event.h">
      <Filter>engine\events</Filter>
    </ClInclude>
    <ClInclude Include="HALENGINE\src\engine\events\KeyEvent.h">
      <Filter>engine\events</Filter>
    </ClInclude>
    <ClInclude Include="HALENGINE\src\engine\events\MouseEvent.h">
      <Filter>engine\events</Filter>
    </ClInclude>
    <ClInclude Include="HALENGINE\src\engine\imgui\ImGuiLayer.h">
      <Filter>engine\imgui</Filter>
    </ClInclude>
    <ClInclude Include="HALENGINE\src\engine\layer\Layer.h">
      <Filter>engine\layer</Filter>
    </ClInclude>
    <ClInclude Include="HALENGINE\src\engine\layer\LayerStack.h">
      <Filter>engine\layer</Filter>
    </ClInclude>
    <ClInclude Include="HALENGINE\src\halpch.h" />
    <ClInclude Include="HALENGINE\src\platform\opengl\ImGuiOpenGLRenderer.h">
      <Filter>platform\opengl</Filter>
    </ClInclude>
    <ClInclude Include="HALENGINE\src\platform\windows\WindowsInput.h">
      <Filter>platform\windows</Filter>
    </ClInclude>
    <ClInclude Include="HALENGINE\src\platform\windows\WindowsWindow.h">
      <Filter>platform\windows</Filter>
    </ClInclude>
  </ItemGroup>
  <ItemGroup>
    <ClCompile Include="HALENGINE\src\engine\Application.cpp">
      <Filter>engine</Filter>
    </ClCompile>
    <ClCompile Include="HALENGINE\src\engine\Log.cpp">
      <Filter>engine</Filter>
    </ClCompile>
    <ClCompile Include="HALENGINE\src\engine\imgui\ImGuiLayer.cpp">
      <Filter>engine\imgui</Filter>
    </ClCompile>
    <ClCompile Include="HALENGINE\src\engine\layer\Layer.cpp">
      <Filter>engine\layer</Filter>
    </ClCompile>
    <ClCompile Include="HALENGINE\src\engine\layer\LayerStack.cpp">
      <Filter>engine\layer</Filter>
    </ClCompile>
    <ClCompile Include="HALENGINE\src\halpch.cpp" />
    <ClCompile Include="HALENGINE\src\platform\opengl\ImGuiOpenGLRenderer.cpp">
      <Filter>platform\opengl</Filter>
    </ClCompile>
    <ClCompile Include="HALENGINE\src\platform\windows\WindowsInput.cpp">
      <Filter>platform\windows</Filter>
    </ClCompile>
    <ClCompile Include="HALENGINE\src\platform\windows\WindowsWindow.cpp">
      <Filter>platform\windows</Filter>
    </ClCompile>
  </ItemGroup>
</Project>